
Microsoft Visual Studio Solution File, Format Version 12.00
# Visual Studio Version 17
VisualStudioVersion = 17.10.35122.118
MinimumVisualStudioVersion = 10.0.40219.1
Project("{FAE04EC0-301F-11D3-BF4B-00C04F79EFBC}") = "MySample.API", "MySample.API\MySample.API.csproj", "{03C2296F-189A-4692-A833-DF8F7784C91E}"
EndProject
Project("{FAE04EC0-301F-11D3-BF4B-00C04F79EFBC}") = "MySample.Application", "MySample.Application\MySample.Application.csproj", "{6ED824C7-BC49-4A12-8724-C029E0839365}"
EndProject
Project("{FAE04EC0-301F-11D3-BF4B-00C04F79EFBC}") = "MySample.Domain", "MySample.Domain\MySample.Domain.csproj", "{835D4865-17E7-4071-876F-61ECE7BD897A}"
EndProject
Project("{FAE04EC0-301F-11D3-BF4B-00C04F79EFBC}") = "MySample.Infrastructure", "MySample.Infrastructure\MySample.Infrastructure.csproj", "{604C97A9-3FD5-4AD5-A027-CDE2C22E7740}"
EndProject
Global
	GlobalSection(SolutionConfigurationPlatforms) = preSolution
		Debug|Any CPU = Debug|Any CPU
		Release|Any CPU = Release|Any CPU
	EndGlobalSection
	GlobalSection(ProjectConfigurationPlatforms) = postSolution
		{03C2296F-189A-4692-A833-DF8F7784C91E}.Debug|Any CPU.ActiveCfg = Debug|Any CPU
		{03C2296F-189A-4692-A833-DF8F7784C91E}.Debug|Any CPU.Build.0 = Debug|Any CPU
		{03C2296F-189A-4692-A833-DF8F7784C91E}.Release|Any CPU.ActiveCfg = Release|Any CPU
		{03C2296F-189A-4692-A833-DF8F7784C91E}.Release|Any CPU.Build.0 = Release|Any CPU
		{6ED824C7-BC49-4A12-8724-C029E0839365}.Debug|Any CPU.ActiveCfg = Debug|Any CPU
		{6ED824C7-BC49-4A12-8724-C029E0839365}.Debug|Any CPU.Build.0 = Debug|Any CPU
		{6ED824C7-BC49-4A12-8724-C029E0839365}.Release|Any CPU.ActiveCfg = Release|Any CPU
		{6ED824C7-BC49-4A12-8724-C029E0839365}.Release|Any CPU.Build.0 = Release|Any CPU
		{835D4865-17E7-4071-876F-61ECE7BD897A}.Debug|Any CPU.ActiveCfg = Debug|Any CPU
		{835D4865-17E7-4071-876F-61ECE7BD897A}.Debug|Any CPU.Build.0 = Debug|Any CPU
		{835D4865-17E7-4071-876F-61ECE7BD897A}.Release|Any CPU.ActiveCfg = Release|Any CPU
		{835D4865-17E7-4071-876F-61ECE7BD897A}.Release|Any CPU.Build.0 = Release|Any CPU
		{604C97A9-3FD5-4AD5-A027-CDE2C22E7740}.Debug|Any CPU.ActiveCfg = Debug|Any CPU
		{604C97A9-3FD5-4AD5-A027-CDE2C22E7740}.Debug|Any CPU.Build.0 = Debug|Any CPU
		{604C97A9-3FD5-4AD5-A027-CDE2C22E7740}.Release|Any CPU.ActiveCfg = Release|Any CPU
		{604C97A9-3FD5-4AD5-A027-CDE2C22E7740}.Release|Any CPU.Build.0 = Release|Any CPU
	EndGlobalSection
	GlobalSection(SolutionProperties) = preSolution
		HideSolutionNode = FALSE
	EndGlobalSection
	GlobalSection(ExtensibilityGlobals) = postSolution
		SolutionGuid = {C93221DB-E697-450E-8AF4-014CFD792B01}
	EndGlobalSection
EndGlobal
